
Microsoft Visual Studio Solution File, Format Version 12.00
# Visual Studio Version 17
VisualStudioVersion = 17.3.32929.385
MinimumVisualStudioVersion = 10.0.40219.1
Project("{FAE04EC0-301F-11D3-BF4B-00C04F79EFBC}") = "BiblApp.Android", "BiblApp.Android\BiblApp.Android.csproj", "{850C35C3-AC5F-43E9-90CC-529D027C96FF}"
EndProject
Project("{FAE04EC0-301F-11D3-BF4B-00C04F79EFBC}") = "BiblApp", "BiblApp\BiblApp.csproj", "{EE461FBA-34F1-4F9C-9A92-D8FF1288FBAB}"
EndProject
Global
	GlobalSection(SolutionConfigurationPlatforms) = preSolution
		Debug|Any CPU = Debug|Any CPU
		Release|Any CPU = Release|Any CPU
	EndGlobalSection
	GlobalSection(ProjectConfigurationPlatforms) = postSolution
		{850C35C3-AC5F-43E9-90CC-529D027C96FF}.Debug|Any CPU.ActiveCfg = Debug|Any CPU
		{850C35C3-AC5F-43E9-90CC-529D027C96FF}.Debug|Any CPU.Build.0 = Debug|Any CPU
		{850C35C3-AC5F-43E9-90CC-529D027C96FF}.Debug|Any CPU.Deploy.0 = Debug|Any CPU
		{850C35C3-AC5F-43E9-90CC-529D027C96FF}.Release|Any CPU.ActiveCfg = Release|Any CPU
		{850C35C3-AC5F-43E9-90CC-529D027C96FF}.Release|Any CPU.Build.0 = Release|Any CPU
		{850C35C3-AC5F-43E9-90CC-529D027C96FF}.Release|Any CPU.Deploy.0 = Release|Any CPU
		{EE461FBA-34F1-4F9C-9A92-D8FF1288FBAB}.Debug|Any CPU.ActiveCfg = Debug|Any CPU
		{EE461FBA-34F1-4F9C-9A92-D8FF1288FBAB}.Debug|Any CPU.Build.0 = Debug|Any CPU
		{EE461FBA-34F1-4F9C-9A92-D8FF1288FBAB}.Debug|Any CPU.Deploy.0 = Debug|Any CPU
		{EE461FBA-34F1-4F9C-9A92-D8FF1288FBAB}.Release|Any CPU.ActiveCfg = Release|Any CPU
		{EE461FBA-34F1-4F9C-9A92-D8FF1288FBAB}.Release|Any CPU.Build.0 = Release|Any CPU
		{EE461FBA-34F1-4F9C-9A92-D8FF1288FBAB}.Release|Any CPU.Deploy.0 = Release|Any CPU
	EndGlobalSection
	GlobalSection(SolutionProperties) = preSolution
		HideSolutionNode = FALSE
	EndGlobalSection
	GlobalSection(ExtensibilityGlobals) = postSolution
		SolutionGuid = {E4510540-4A7F-4B95-A220-68AED0AC91BC}
	EndGlobalSection
EndGlobal
